
Microsoft Visual Studio Solution File, Format Version 12.00
# Visual Studio 15
VisualStudioVersion = 15.0.27130.2003
MinimumVisualStudioVersion = 10.0.40219.1
Project("{FAE04EC0-301F-11D3-BF4B-00C04F79EFBC}") = "KFU.Mobile.Android", "KFU.Mobile\KFU.Mobile.Android\KFU.Mobile.Android.csproj", "{92F76D25-E113-4CA3-A7B9-6F52F757D299}"
EndProject
Project("{FAE04EC0-301F-11D3-BF4B-00C04F79EFBC}") = "KFU.Mobile.iOS", "KFU.Mobile\KFU.Mobile.iOS\KFU.Mobile.iOS.csproj", "{1FB8787E-BE79-406D-BDA8-A39BC42ED578}"
EndProject
Project("{FAE04EC0-301F-11D3-BF4B-00C04F79EFBC}") = "KFU.Mobile", "KFU.Mobile\KFU.Mobile\KFU.Mobile.csproj", "{9B89556B-2EBD-4B4D-A78B-F42787748C7A}"
EndProject
Global
	GlobalSection(SolutionConfigurationPlatforms) = preSolution
		Ad-Hoc|Any CPU = Ad-Hoc|Any CPU
		Ad-Hoc|iPhone = Ad-Hoc|iPhone
		Ad-Hoc|iPhoneSimulator = Ad-Hoc|iPhoneSimulator
		AppStore|Any CPU = AppStore|Any CPU
		AppStore|iPhone = AppStore|iPhone
		AppStore|iPhoneSimulator = AppStore|iPhoneSimulator
		Debug|Any CPU = Debug|Any CPU
		Debug|iPhone = Debug|iPhone
		Debug|iPhoneSimulator = Debug|iPhoneSimulator
		Release|Any CPU = Release|Any CPU
		Release|iPhone = Release|iPhone
		Release|iPhoneSimulator = Release|iPhoneSimulator
	EndGlobalSection
	GlobalSection(ProjectConfigurationPlatforms) = postSolution
		{92F76D25-E113-4CA3-A7B9-6F52F757D299}.Ad-Hoc|Any CPU.ActiveCfg = Release|Any CPU
		{92F76D25-E113-4CA3-A7B9-6F52F757D299}.Ad-Hoc|Any CPU.Build.0 = Release|Any CPU
		{92F76D25-E113-4CA3-A7B9-6F52F757D299}.Ad-Hoc|Any CPU.Deploy.0 = Release|Any CPU
		{92F76D25-E113-4CA3-A7B9-6F52F757D299}.Ad-Hoc|iPhone.ActiveCfg = Release|Any CPU
		{92F76D25-E113-4CA3-A7B9-6F52F757D299}.Ad-Hoc|iPhone.Build.0 = Release|Any CPU
		{92F76D25-E113-4CA3-A7B9-6F52F757D299}.Ad-Hoc|iPhone.Deploy.0 = Release|Any CPU
		{92F76D25-E113-4CA3-A7B9-6F52F757D299}.Ad-Hoc|iPhoneSimulator.ActiveCfg = Release|Any CPU
		{92F76D25-E113-4CA3-A7B9-6F52F757D299}.Ad-Hoc|iPhoneSimulator.Build.0 = Release|Any CPU
		{92F76D25-E113-4CA3-A7B9-6F52F757D299}.Ad-Hoc|iPhoneSimulator.Deploy.0 = Release|Any CPU
		{92F76D25-E113-4CA3-A7B9-6F52F757D299}.AppStore|Any CPU.ActiveCfg = Release|Any CPU
		{92F76D25-E113-4CA3-A7B9-6F52F757D299}.AppStore|Any CPU.Build.0 = Release|Any CPU
		{92F76D25-E113-4CA3-A7B9-6F52F757D299}.AppStore|Any CPU.Deploy.0 = Release|Any CPU
		{92F76D25-E113-4CA3-A7B9-6F52F757D299}.AppStore|iPhone.ActiveCfg = Release|Any CPU
		{92F76D25-E113-4CA3-A7B9-6F52F757D299}.AppStore|iPhone.Build.0 = Release|Any CPU
		{92F76D25-E113-4CA3-A7B9-6F52F757D299}.AppStore|iPhone.Deploy.0 = Release|Any CPU
		{92F76D25-E113-4CA3-A7B9-6F52F757D299}.AppStore|iPhoneSimulator.ActiveCfg = Release|Any CPU
		{92F76D25-E113-4CA3-A7B9-6F52F757D299}.AppStore|iPhoneSimulator.Build.0 = Release|Any CPU
		{92F76D25-E113-4CA3-A7B9-6F52F757D299}.AppStore|iPhoneSimulator.Deploy.0 = Release|Any CPU
		{92F76D25-E113-4CA3-A7B9-6F52F757D299}.Debug|Any CPU.ActiveCfg = Debug|Any CPU
		{92F76D25-E113-4CA3-A7B9-6F52F757D299}.Debug|Any CPU.Build.0 = Debug|Any CPU
		{92F76D25-E113-4CA3-A7B9-6F52F757D299}.Debug|Any CPU.Deploy.0 = Debug|Any CPU
		{92F76D25-E113-4CA3-A7B9-6F52F757D299}.Debug|iPhone.ActiveCfg = Debug|Any CPU
		{92F76D25-E113-4CA3-A7B9-6F52F757D299}.Debug|iPhone.Build.0 = Debug|Any CPU
		{92F76D25-E113-4CA3-A7B9-6F52F757D299}.Debug|iPhone.Deploy.0 = Debug|Any CPU
		{92F76D25-E113-4CA3-A7B9-6F52F757D299}.Debug|iPhoneSimulator.ActiveCfg = Debug|Any CPU
		{92F76D25-E113-4CA3-A7B9-6F52F757D299}.Debug|iPhoneSimulator.Build.0 = Debug|Any CPU
		{92F76D25-E113-4CA3-A7B9-6F52F757D299}.Debug|iPhoneSimulator.Deploy.0 = Debug|Any CPU
		{92F76D25-E113-4CA3-A7B9-6F52F757D299}.Release|Any CPU.ActiveCfg = Release|Any CPU
		{92F76D25-E113-4CA3-A7B9-6F52F757D299}.Release|Any CPU.Build.0 = Release|Any CPU
		{92F76D25-E113-4CA3-A7B9-6F52F757D299}.Release|Any CPU.Deploy.0 = Release|Any CPU
		{92F76D25-E113-4CA3-A7B9-6F52F757D299}.Release|iPhone.ActiveCfg = Release|Any CPU
		{92F76D25-E113-4CA3-A7B9-6F52F757D299}.Release|iPhone.Build.0 = Release|Any CPU
		{92F76D25-E113-4CA3-A7B9-6F52F757D299}.Release|iPhone.Deploy.0 = Release|Any CPU
		{92F76D25-E113-4CA3-A7B9-6F52F757D299}.Release|iPhoneSimulator.ActiveCfg = Release|Any CPU
		{92F76D25-E113-4CA3-A7B9-6F52F757D299}.Release|iPhoneSimulator.Build.0 = Release|Any CPU
		{92F76D25-E113-4CA3-A7B9-6F52F757D299}.Release|iPhoneSimulator.Deploy.0 = Release|Any CPU
		{1FB8787E-BE79-406D-BDA8-A39BC42ED578}.Ad-Hoc|Any CPU.ActiveCfg = Ad-Hoc|iPhone
		{1FB8787E-BE79-406D-BDA8-A39BC42ED578}.Ad-Hoc|iPhone.ActiveCfg = Ad-Hoc|iPhone
		{1FB8787E-BE79-406D-BDA8-A39BC42ED578}.Ad-Hoc|iPhone.Build.0 = Ad-Hoc|iPhone
		{1FB8787E-BE79-406D-BDA8-A39BC42ED578}.Ad-Hoc|iPhoneSimulator.ActiveCfg = Ad-Hoc|iPhoneSimulator
		{1FB8787E-BE79-406D-BDA8-A39BC42ED578}.Ad-Hoc|iPhoneSimulator.Build.0 = Ad-Hoc|iPhoneSimulator
		{1FB8787E-BE79-406D-BDA8-A39BC42ED578}.AppStore|Any CPU.ActiveCfg = AppStore|iPhone
		{1FB8787E-BE79-406D-BDA8-A39BC42ED578}.AppStore|iPhone.ActiveCfg = AppStore|iPhone
		{1FB8787E-BE79-406D-BDA8-A39BC42ED578}.AppStore|iPhone.Build.0 = AppStore|iPhone
		{1FB8787E-BE79-406D-BDA8-A39BC42ED578}.AppStore|iPhoneSimulator.ActiveCfg = AppStore|iPhoneSimulator
		{1FB8787E-BE79-406D-BDA8-A39BC42ED578}.AppStore|iPhoneSimulator.Build.0 = AppStore|iPhoneSimulator
		{1FB8787E-BE79-406D-BDA8-A39BC42ED578}.Debug|Any CPU.ActiveCfg = Debug|iPhone
		{1FB8787E-BE79-406D-BDA8-A39BC42ED578}.Debug|iPhone.ActiveCfg = Debug|iPhone
		{1FB8787E-BE79-406D-BDA8-A39BC42ED578}.Debug|iPhone.Build.0 = Debug|iPhone
		{1FB8787E-BE79-406D-BDA8-A39BC42ED578}.Debug|iPhoneSimulator.ActiveCfg = Debug|iPhoneSimulator
		{1FB8787E-BE79-406D-BDA8-A39BC42ED578}.Debug|iPhoneSimulator.Build.0 = Debug|iPhoneSimulator
		{1FB8787E-BE79-406D-BDA8-A39BC42ED578}.Release|Any CPU.ActiveCfg = Release|iPhone
		{1FB8787E-BE79-406D-BDA8-A39BC42ED578}.Release|iPhone.ActiveCfg = Release|iPhone
		{1FB8787E-BE79-406D-BDA8-A39BC42ED578}.Release|iPhone.Build.0 = Release|iPhone
		{1FB8787E-BE79-406D-BDA8-A39BC42ED578}.Release|iPhoneSimulator.ActiveCfg = Release|iPhoneSimulator
		{1FB8787E-BE79-406D-BDA8-A39BC42ED578}.Release|iPhoneSimulator.Build.0 = Release|iPhoneSimulator
		{9B89556B-2EBD-4B4D-A78B-F42787748C7A}.Ad-Hoc|Any CPU.ActiveCfg = Debug|Any CPU
		{9B89556B-2EBD-4B4D-A78B-F42787748C7A}.Ad-Hoc|Any CPU.Build.0 = Debug|Any CPU
		{9B89556B-2EBD-4B4D-A78B-F42787748C7A}.Ad-Hoc|iPhone.ActiveCfg = Debug|Any CPU
		{9B89556B-2EBD-4B4D-A78B-F42787748C7A}.Ad-Hoc|iPhone.Build.0 = Debug|Any CPU
		{9B89556B-2EBD-4B4D-A78B-F42787748C7A}.Ad-Hoc|iPhoneSimulator.ActiveCfg = Debug|Any CPU
		{9B89556B-2EBD-4B4D-A78B-F42787748C7A}.Ad-Hoc|iPhoneSimulator.Build.0 = Debug|Any CPU
		{9B89556B-2EBD-4B4D-A78B-F42787748C7A}.AppStore|Any CPU.ActiveCfg = Debug|Any CPU
		{9B89556B-2EBD-4B4D-A78B-F42787748C7A}.AppStore|Any CPU.Build.0 = Debug|Any CPU
		{9B89556B-2EBD-4B4D-A78B-F42787748C7A}.AppStore|iPhone.ActiveCfg = Debug|Any CPU
		{9B89556B-2EBD-4B4D-A78B-F42787748C7A}.AppStore|iPhone.Build.0 = Debug|Any CPU
		{9B89556B-2EBD-4B4D-A78B-F42787748C7A}.AppStore|iPhoneSimulator.ActiveCfg = Debug|Any CPU
		{9B89556B-2EBD-4B4D-A78B-F42787748C7A}.AppStore|iPhoneSimulator.Build.0 = Debug|Any CPU
		{9B89556B-2EBD-4B4D-A78B-F42787748C7A}.Debug|Any CPU.ActiveCfg = Debug|Any CPU
		{9B89556B-2EBD-4B4D-A78B-F42787748C7A}.Debug|Any CPU.Build.0 = Debug|Any CPU
		{9B89556B-2EBD-4B4D-A78B-F42787748C7A}.Debug|iPhone.ActiveCfg = Debug|Any CPU
		{9B89556B-2EBD-4B4D-A78B-F42787748C7A}.Debug|iPhone.Build.0 = Debug|Any CPU
		{9B89556B-2EBD-4B4D-A78B-F42787748C7A}.Debug|iPhoneSimulator.ActiveCfg = Debug|Any CPU
		{9B89556B-2EBD-4B4D-A78B-F42787748C7A}.Debug|iPhoneSimulator.Build.0 = Debug|Any CPU
		{9B89556B-2EBD-4B4D-A78B-F42787748C7A}.Release|Any CPU.ActiveCfg = Release|Any CPU
		{9B89556B-2EBD-4B4D-A78B-F42787748C7A}.Release|Any CPU.Build.0 = Release|Any CPU
		{9B89556B-2EBD-4B4D-A78B-F42787748C7A}.Release|iPhone.ActiveCfg = Release|Any CPU
		{9B89556B-2EBD-4B4D-A78B-F42787748C7A}.Release|iPhone.Build.0 = Release|Any CPU
		{9B89556B-2EBD-4B4D-A78B-F42787748C7A}.Release|iPhoneSimulator.ActiveCfg = Release|Any CPU
		{9B89556B-2EBD-4B4D-A78B-F42787748C7A}.Release|iPhoneSimulator.Build.0 = Release|Any CPU
	EndGlobalSection
	GlobalSection(SolutionProperties) = preSolution
		HideSolutionNode = FALSE
	EndGlobalSection
	GlobalSection(ExtensibilityGlobals) = postSolution
		SolutionGuid = {58B53136-3933-424E-9E81-C85848E885B7}
	EndGlobalSection
EndGlobal
